
Microsoft Visual Studio Solution File, Format Version 12.00
# Visual Studio Version 17
VisualStudioVersion = 17.0.31903.59
MinimumVisualStudioVersion = 10.0.40219.1
Project("{FAE04EC0-301F-11D3-BF4B-00C04F79EFBC}") = "MeuPrograma", "MeuPrograma\MeuPrograma.csproj", "{BC57F052-5E11-4CEC-B417-028CCDFC37A0}"
EndProject
Project("{FAE04EC0-301F-11D3-BF4B-00C04F79EFBC}") = "VariousTypes", "VariousTypes\VariousTypes.csproj", "{85F85AC1-46C2-4EA3-911B-C0E649CBD60B}"
EndProject
Project("{FAE04EC0-301F-11D3-BF4B-00C04F79EFBC}") = "ManyStrings", "ManyStrings\ManyStrings.csproj", "{72B3432B-6450-4504-9277-1B0C46F8A0CB}"
EndProject
Project("{FAE04EC0-301F-11D3-BF4B-00C04F79EFBC}") = "AskForInput", "AskForInput\AskForInput.csproj", "{EC3CFBB7-BA93-4A6C-800E-516702D00B1E}"
EndProject
Project("{FAE04EC0-301F-11D3-BF4B-00C04F79EFBC}") = "Smiley", "Smiley\Smiley.csproj", "{47E4CE72-001A-4950-858B-95F85775BC13}"
EndProject
Global
	GlobalSection(SolutionConfigurationPlatforms) = preSolution
		Debug|Any CPU = Debug|Any CPU
		Release|Any CPU = Release|Any CPU
	EndGlobalSection
	GlobalSection(SolutionProperties) = preSolution
		HideSolutionNode = FALSE
	EndGlobalSection
	GlobalSection(ProjectConfigurationPlatforms) = postSolution
		{BC57F052-5E11-4CEC-B417-028CCDFC37A0}.Debug|Any CPU.ActiveCfg = Debug|Any CPU
		{BC57F052-5E11-4CEC-B417-028CCDFC37A0}.Debug|Any CPU.Build.0 = Debug|Any CPU
		{BC57F052-5E11-4CEC-B417-028CCDFC37A0}.Release|Any CPU.ActiveCfg = Release|Any CPU
		{BC57F052-5E11-4CEC-B417-028CCDFC37A0}.Release|Any CPU.Build.0 = Release|Any CPU
		{85F85AC1-46C2-4EA3-911B-C0E649CBD60B}.Debug|Any CPU.ActiveCfg = Debug|Any CPU
		{85F85AC1-46C2-4EA3-911B-C0E649CBD60B}.Debug|Any CPU.Build.0 = Debug|Any CPU
		{85F85AC1-46C2-4EA3-911B-C0E649CBD60B}.Release|Any CPU.ActiveCfg = Release|Any CPU
		{85F85AC1-46C2-4EA3-911B-C0E649CBD60B}.Release|Any CPU.Build.0 = Release|Any CPU
		{72B3432B-6450-4504-9277-1B0C46F8A0CB}.Debug|Any CPU.ActiveCfg = Debug|Any CPU
		{72B3432B-6450-4504-9277-1B0C46F8A0CB}.Debug|Any CPU.Build.0 = Debug|Any CPU
		{72B3432B-6450-4504-9277-1B0C46F8A0CB}.Release|Any CPU.ActiveCfg = Release|Any CPU
		{72B3432B-6450-4504-9277-1B0C46F8A0CB}.Release|Any CPU.Build.0 = Release|Any CPU
		{EC3CFBB7-BA93-4A6C-800E-516702D00B1E}.Debug|Any CPU.ActiveCfg = Debug|Any CPU
		{EC3CFBB7-BA93-4A6C-800E-516702D00B1E}.Debug|Any CPU.Build.0 = Debug|Any CPU
		{EC3CFBB7-BA93-4A6C-800E-516702D00B1E}.Release|Any CPU.ActiveCfg = Release|Any CPU
		{EC3CFBB7-BA93-4A6C-800E-516702D00B1E}.Release|Any CPU.Build.0 = Release|Any CPU
		{47E4CE72-001A-4950-858B-95F85775BC13}.Debug|Any CPU.ActiveCfg = Debug|Any CPU
		{47E4CE72-001A-4950-858B-95F85775BC13}.Debug|Any CPU.Build.0 = Debug|Any CPU
		{47E4CE72-001A-4950-858B-95F85775BC13}.Release|Any CPU.ActiveCfg = Release|Any CPU
		{47E4CE72-001A-4950-858B-95F85775BC13}.Release|Any CPU.Build.0 = Release|Any CPU
	EndGlobalSection
EndGlobal
